// !$*UTF8*$!
{
	archiveVersion = 1;
	classes = {
	};
	objectVersion = 46;
	objects = {

/* Begin PBXBuildFile section */
		A10AFFC01C65DD47003B55B0 /* AppDelegate.swift in Sources */ = {isa = PBXBuildFile; fileRef = A10AFFBF1C65DD47003B55B0 /* AppDelegate.swift */; };
		A10AFFC21C65DD47003B55B0 /* ViewController.swift in Sources */ = {isa = PBXBuildFile; fileRef = A10AFFC11C65DD47003B55B0 /* ViewController.swift */; };
		A10AFFC51C65DD47003B55B0 /* Main.storyboard in Resources */ = {isa = PBXBuildFile; fileRef = A10AFFC31C65DD47003B55B0 /* Main.storyboard */; };
		A10AFFC71C65DD47003B55B0 /* Assets.xcassets in Resources */ = {isa = PBXBuildFile; fileRef = A10AFFC61C65DD47003B55B0 /* Assets.xcassets */; };
		A10AFFCA1C65DD47003B55B0 /* LaunchScreen.storyboard in Resources */ = {isa = PBXBuildFile; fileRef = A10AFFC81C65DD47003B55B0 /* LaunchScreen.storyboard */; };
		A10AFFD51C65DD47003B55B0 /* TechtaGramTests.swift in Sources */ = {isa = PBXBuildFile; fileRef = A10AFFD41C65DD47003B55B0 /* TechtaGramTests.swift */; };
		A10AFFE01C65DD47003B55B0 /* TechtaGramUITests.swift in Sources */ = {isa = PBXBuildFile; fileRef = A10AFFDF1C65DD47003B55B0 /* TechtaGramUITests.swift */; };
/* End PBXBuildFile section */

/* Begin PBXContainerItemProxy section */
		A10AFFD11C65DD47003B55B0 /* PBXContainerItemProxy */ = {
			isa = PBXContainerItemProxy;
			containerPortal = A10AFFB41C65DD46003B55B0 /* Project object */;
			proxyType = 1;
			remoteGlobalIDString = A10AFFBB1C65DD47003B55B0;
			remoteInfo = TechtaGram;
		};
		A10AFFDC1C65DD47003B55B0 /* PBXContainerItemProxy */ = {
			isa = PBXContainerItemProxy;
			containerPortal = A10AFFB41C65DD46003B55B0 /* Project object */;
			proxyType = 1;
			remoteGlobalIDString = A10AFFBB1C65DD47003B55B0;
			remoteInfo = TechtaGram;
		};
/* End PBXContainerItemProxy section */

/* Begin PBXFileReference section */
		A10AFFBC1C65DD47003B55B0 /* TechtaGram.app */ = {isa = PBXFileReference; explicitFileType = wrapper.application; includeInIndex = 0; path = TechtaGram.app; sourceTree = BUILT_PRODUCTS_DIR; };
		A10AFFBF1C65DD47003B55B0 /* AppDelegate.swift */ = {isa = PBXFileReference; lastKnownFileType = sourcecode.swift; path = AppDelegate.swift; sourceTree = "<group>"; };
		A10AFFC11C65DD47003B55B0 /* ViewController.swift */ = {isa = PBXFileReference; lastKnownFileType = sourcecode.swift; path = ViewController.swift; sourceTree = "<group>"; };
		A10AFFC41C65DD47003B55B0 /* Base */ = {isa = PBXFileReference; lastKnownFileType = file.storyboard; name = Base; path = Base.lproj/Main.storyboard; sourceTree = "<group>"; };
		A10AFFC61C65DD47003B55B0 /* Assets.xcassets */ = {isa = PBXFileReference; lastKnownFileType = folder.assetcatalog; path = Assets.xcassets; sourceTree = "<group>"; };
		A10AFFC91C65DD47003B55B0 /* Base */ = {isa = PBXFileReference; lastKnownFileType = file.storyboard; name = Base; path = Base.lproj/LaunchScreen.storyboard; sourceTree = "<group>"; };
		A10AFFCB1C65DD47003B55B0 /* Info.plist */ = {isa = PBXFileReference; lastKnownFileType = text.plist.xml; path = Info.plist; sourceTree = "<group>"; };
		A10AFFD01C65DD47003B55B0 /* TechtaGramTests.xctest */ = {isa = PBXFileReference; explicitFileType = wrapper.cfbundle; includeInIndex = 0; path = TechtaGramTests.xctest; sourceTree = BUILT_PRODUCTS_DIR; };
		A10AFFD41C65DD47003B55B0 /* TechtaGramTests.swift */ = {isa = PBXFileReference; lastKnownFileType = sourcecode.swift; path = TechtaGramTests.swift; sourceTree = "<group>"; };
		A10AFFD61C65DD47003B55B0 /* Info.plist */ = {isa = PBXFileReference; lastKnownFileType = text.plist.xml; path = Info.plist; sourceTree = "<group>"; };
		A10AFFDB1C65DD47003B55B0 /* TechtaGramUITests.xctest */ = {isa = PBXFileReference; explicitFileType = wrapper.cfbundle; includeInIndex = 0; path = TechtaGramUITests.xctest; sourceTree = BUILT_PRODUCTS_DIR; };
		A10AFFDF1C65DD47003B55B0 /* TechtaGramUITests.swift */ = {isa = PBXFileReference; lastKnownFileType = sourcecode.swift; path = TechtaGramUITests.swift; sourceTree = "<group>"; };
		A10AFFE11C65DD47003B55B0 /* Info.plist */ = {isa = PBXFileReference; lastKnownFileType = text.plist.xml; path = Info.plist; sourceTree = "<group>"; };
/* End PBXFileReference section */

/* Begin PBXFrameworksBuildPhase section */
		A10AFFB91C65DD47003B55B0 /* Frameworks */ = {
			isa = PBXFrameworksBuildPhase;
			buildActionMask = 2147483647;
			files = (
			);
			runOnlyForDeploymentPostprocessing = 0;
		};
		A10AFFCD1C65DD47003B55B0 /* Frameworks */ = {
			isa = PBXFrameworksBuildPhase;
			buildActionMask = 2147483647;
			files = (
			);
			runOnlyForDeploymentPostprocessing = 0;
		};
		A10AFFD81C65DD47003B55B0 /* Frameworks */ = {
			isa = PBXFrameworksBuildPhase;
			buildActionMask = 2147483647;
			files = (
			);
			runOnlyForDeploymentPostprocessing = 0;
		};
/* End PBXFrameworksBuildPhase section */

/* Begin PBXGroup section */
		A10AFFB31C65DD46003B55B0 = {
			isa = PBXGroup;
			children = (
				A10AFFBE1C65DD47003B55B0 /* TechtaGram */,
				A10AFFD31C65DD47003B55B0 /* TechtaGramTests */,
				A10AFFDE1C65DD47003B55B0 /* TechtaGramUITests */,
				A10AFFBD1C65DD47003B55B0 /* Products */,
			);
			sourceTree = "<group>";
		};
		A10AFFBD1C65DD47003B55B0 /* Products */ = {
			isa = PBXGroup;
			children = (
				A10AFFBC1C65DD47003B55B0 /* TechtaGram.app */,
				A10AFFD01C65DD47003B55B0 /* TechtaGramTests.xctest */,
				A10AFFDB1C65DD47003B55B0 /* TechtaGramUITests.xctest */,
			);
			name = Products;
			sourceTree = "<group>";
		};
		A10AFFBE1C65DD47003B55B0 /* TechtaGram */ = {
			isa = PBXGroup;
			children = (
				A10AFFBF1C65DD47003B55B0 /* AppDelegate.swift */,
				A10AFFC11C65DD47003B55B0 /* ViewController.swift */,
				A10AFFC31C65DD47003B55B0 /* Main.storyboard */,
				A10AFFC61C65DD47003B55B0 /* Assets.xcassets */,
				A10AFFC81C65DD47003B55B0 /* LaunchScreen.storyboard */,
				A10AFFCB1C65DD47003B55B0 /* Info.plist */,
			);
			path = TechtaGram;
			sourceTree = "<group>";
		};
		A10AFFD31C65DD47003B55B0 /* TechtaGramTests */ = {
			isa = PBXGroup;
			children = (
				A10AFFD41C65DD47003B55B0 /* TechtaGramTests.swift */,
				A10AFFD61C65DD47003B55B0 /* Info.plist */,
			);
			path = TechtaGramTests;
			sourceTree = "<group>";
		};
		A10AFFDE1C65DD47003B55B0 /* TechtaGramUITests */ = {
			isa = PBXGroup;
			children = (
				A10AFFDF1C65DD47003B55B0 /* TechtaGramUITests.swift */,
				A10AFFE11C65DD47003B55B0 /* Info.plist */,
			);
			path = TechtaGramUITests;
			sourceTree = "<group>";
		};
/* End PBXGroup section */

/* Begin PBXNativeTarget section */
		A10AFFBB1C65DD47003B55B0 /* TechtaGram */ = {
			isa = PBXNativeTarget;
			buildConfigurationList = A10AFFE41C65DD47003B55B0 /* Build configuration list for PBXNativeTarget "TechtaGram" */;
			buildPhases = (
				A10AFFB81C65DD47003B55B0 /* Sources */,
				A10AFFB91C65DD47003B55B0 /* Frameworks */,
				A10AFFBA1C65DD47003B55B0 /* Resources */,
			);
			buildRules = (
			);
			dependencies = (
			);
			name = TechtaGram;
			productName = TechtaGram;
			productReference = A10AFFBC1C65DD47003B55B0 /* TechtaGram.app */;
			productType = "com.apple.product-type.application";
		};
		A10AFFCF1C65DD47003B55B0 /* TechtaGramTests */ = {
			isa = PBXNativeTarget;
			buildConfigurationList = A10AFFE71C65DD47003B55B0 /* Build configuration list for PBXNativeTarget "TechtaGramTests" */;
			buildPhases = (
				A10AFFCC1C65DD47003B55B0 /* Sources */,
				A10AFFCD1C65DD47003B55B0 /* Frameworks */,
				A10AFFCE1C65DD47003B55B0 /* Resources */,
			);
			buildRules = (
			);
			dependencies = (
				A10AFFD21C65DD47003B55B0 /* PBXTargetDependency */,
			);
			name = TechtaGramTests;
			productName = TechtaGramTests;
			productReference = A10AFFD01C65DD47003B55B0 /* TechtaGramTests.xctest */;
			productType = "com.apple.product-type.bundle.unit-test";
		};
		A10AFFDA1C65DD47003B55B0 /* TechtaGramUITests */ = {
			isa = PBXNativeTarget;
			buildConfigurationList = A10AFFEA1C65DD47003B55B0 /* Build configuration list for PBXNativeTarget "TechtaGramUITests" */;
			buildPhases = (
				A10AFFD71C65DD47003B55B0 /* Sources */,
				A10AFFD81C65DD47003B55B0 /* Frameworks */,
				A10AFFD91C65DD47003B55B0 /* Resources */,
			);
			buildRules = (
			);
			dependencies = (
				A10AFFDD1C65DD47003B55B0 /* PBXTargetDependency */,
			);
			name = TechtaGramUITests;
			productName = TechtaGramUITests;
			productReference = A10AFFDB1C65DD47003B55B0 /* TechtaGramUITests.xctest */;
			productType = "com.apple.product-type.bundle.ui-testing";
		};
/* End PBXNativeTarget section */

/* Begin PBXProject section */
		A10AFFB41C65DD46003B55B0 /* Project object */ = {
			isa = PBXProject;
			attributes = {
				LastSwiftUpdateCheck = 0720;
				LastUpgradeCheck = 0720;
				ORGANIZATIONNAME = "石森愛海";
				TargetAttributes = {
					A10AFFBB1C65DD47003B55B0 = {
						CreatedOnToolsVersion = 7.2;
						DevelopmentTeam = JQ6AUCT297;
					};
					A10AFFCF1C65DD47003B55B0 = {
						CreatedOnToolsVersion = 7.2;
						DevelopmentTeam = JQ6AUCT297;
						TestTargetID = A10AFFBB1C65DD47003B55B0;
					};
					A10AFFDA1C65DD47003B55B0 = {
						CreatedOnToolsVersion = 7.2;
						DevelopmentTeam = JQ6AUCT297;
						TestTargetID = A10AFFBB1C65DD47003B55B0;
					};
				};
			};
			buildConfigurationList = A10AFFB71C65DD46003B55B0 /* Build configuration list for PBXProject "TechtaGram" */;
			compatibilityVersion = "Xcode 3.2";
			developmentRegion = English;
			hasScannedForEncodings = 0;
			knownRegions = (
				en,
				Base,
			);
			mainGroup = A10AFFB31C65DD46003B55B0;
			productRefGroup = A10AFFBD1C65DD47003B55B0 /* Products */;
			projectDirPath = "";
			projectRoot = "";
			targets = (
				A10AFFBB1C65DD47003B55B0 /* TechtaGram */,
				A10AFFCF1C65DD47003B55B0 /* TechtaGramTests */,
				A10AFFDA1C65DD47003B55B0 /* TechtaGramUITests */,
			);
		};
/* End PBXProject section */

/* Begin PBXResourcesBuildPhase section */
		A10AFFBA1C65DD47003B55B0 /* Resources */ = {
			isa = PBXResourcesBuildPhase;
			buildActionMask = 2147483647;
			files = (
				A10AFFCA1C65DD47003B55B0 /* LaunchScreen.storyboard in Resources */,
				A10AFFC71C65DD47003B55B0 /* Assets.xcassets in Resources */,
				A10AFFC51C65DD47003B55B0 /* Main.storyboard in Resources */,
			);
			runOnlyForDeploymentPostprocessing = 0;
		};
		A10AFFCE1C65DD47003B55B0 /* Resources */ = {
			isa = PBXResourcesBuildPhase;
			buildActionMask = 2147483647;
			files = (
			);
			runOnlyForDeploymentPostprocessing = 0;
		};
		A10AFFD91C65DD47003B55B0 /* Resources */ = {
			isa = PBXResourcesBuildPhase;
			buildActionMask = 2147483647;
			files = (
			);
			runOnlyForDeploymentPostprocessing = 0;
		};
/* End PBXResourcesBuildPhase section */

/* Begin PBXSourcesBuildPhase section */
		A10AFFB81C65DD47003B55B0 /* Sources */ = {
			isa = PBXSourcesBuildPhase;
			buildActionMask = 2147483647;
			files = (
				A10AFFC21C65DD47003B55B0 /* ViewController.swift in Sources */,
				A10AFFC01C65DD47003B55B0 /* AppDelegate.swift in Sources */,
			);
			runOnlyForDeploymentPostprocessing = 0;
		};
		A10AFFCC1C65DD47003B55B0 /* Sources */ = {
			isa = PBXSourcesBuildPhase;
			buildActionMask = 2147483647;
			files = (
				A10AFFD51C65DD47003B55B0 /* TechtaGramTests.swift in Sources */,
			);
			runOnlyForDeploymentPostprocessing = 0;
		};
		A10AFFD71C65DD47003B55B0 /* Sources */ = {
			isa = PBXSourcesBuildPhase;
			buildActionMask = 2147483647;
			files = (
				A10AFFE01C65DD47003B55B0 /* TechtaGramUITests.swift in Sources */,
			);
			runOnlyForDeploymentPostprocessing = 0;
		};
/* End PBXSourcesBuildPhase section */

/* Begin PBXTargetDependency section */
		A10AFFD21C65DD47003B55B0 /* PBXTargetDependency */ = {
			isa = PBXTargetDependency;
			target = A10AFFBB1C65DD47003B55B0 /* TechtaGram */;
			targetProxy = A10AFFD11C65DD47003B55B0 /* PBXContainerItemProxy */;
		};
		A10AFFDD1C65DD47003B55B0 /* PBXTargetDependency */ = {
			isa = PBXTargetDependency;
			target = A10AFFBB1C65DD47003B55B0 /* TechtaGram */;
			targetProxy = A10AFFDC1C65DD47003B55B0 /* PBXContainerItemProxy */;
		};
/* End PBXTargetDependency section */

/* Begin PBXVariantGroup section */
		A10AFFC31C65DD47003B55B0 /* Main.storyboard */ = {
			isa = PBXVariantGroup;
			children = (
				A10AFFC41C65DD47003B55B0 /* Base */,
			);
			name = Main.storyboard;
			sourceTree = "<group>";
		};
		A10AFFC81C65DD47003B55B0 /* LaunchScreen.storyboard */ = {
			isa = PBXVariantGroup;
			children = (
				A10AFFC91C65DD47003B55B0 /* Base */,
			);
			name = LaunchScreen.storyboard;
			sourceTree = "<group>";
		};
/* End PBXVariantGroup section */

/* Begin XCBuildConfiguration section */
		A10AFFE21C65DD47003B55B0 /* Debug */ = {
			isa = XCBuildConfiguration;
			buildSettings = {
				ALWAYS_SEARCH_USER_PATHS = NO;
				CLANG_CXX_LANGUAGE_STANDARD = "gnu++0x";
				CLANG_CXX_LIBRARY = "libc++";
				CLANG_ENABLE_MODULES = YES;
				CLANG_ENABLE_OBJC_ARC = YES;
				CLANG_WARN_BOOL_CONVERSION = YES;
				CLANG_WARN_CONSTANT_CONVERSION = YES;
				CLANG_WARN_DIRECT_OBJC_ISA_USAGE = YES_ERROR;
				CLANG_WARN_EMPTY_BODY = YES;
				CLANG_WARN_ENUM_CONVERSION = YES;
				CLANG_WARN_INT_CONVERSION = YES;
				CLANG_WARN_OBJC_ROOT_CLASS = YES_ERROR;
				CLANG_WARN_UNREACHABLE_CODE = YES;
				CLANG_WARN__DUPLICATE_METHOD_MATCH = YES;
				"CODE_SIGN_IDENTITY[sdk=iphoneos*]" = "iPhone Developer";
				COPY_PHASE_STRIP = NO;
				DEBUG_INFORMATION_FORMAT = dwarf;
				ENABLE_STRICT_OBJC_MSGSEND = YES;
				ENABLE_TESTABILITY = YES;
				GCC_C_LANGUAGE_STANDARD = gnu99;
				GCC_DYNAMIC_NO_PIC = NO;
				GCC_NO_COMMON_BLOCKS = YES;
				GCC_OPTIMIZATION_LEVEL = 0;
				GCC_PREPROCESSOR_DEFINITIONS = (
					"DEBUG=1",
					"$(inherited)",
				);
				GCC_WARN_64_TO_32_BIT_CONVERSION = YES;
				GCC_WARN_ABOUT_RETURN_TYPE = YES_ERROR;
				GCC_WARN_UNDECLARED_SELECTOR = YES;
				GCC_WARN_UNINITIALIZED_AUTOS = YES_AGGRESSIVE;
				GCC_WARN_UNUSED_FUNCTION = YES;
				GCC_WARN_UNUSED_VARIABLE = YES;
				IPHONEOS_DEPLOYMENT_TARGET = 9.2;
				MTL_ENABLE_DEBUG_INFO = YES;
				ONLY_ACTIVE_ARCH = YES;
				SDKROOT = iphoneos;
				SWIFT_OPTIMIZATION_LEVEL = "-Onone";
			};
			name = Debug;
		};
		A10AFFE31C65DD47003B55B0 /* Release */ = {
			isa = XCBuildConfiguration;
			buildSettings = {
				ALWAYS_SEARCH_USER_PATHS = NO;
				CLANG_CXX_LANGUAGE_STANDARD = "gnu++0x";
				CLANG_CXX_LIBRARY = "libc++";
				CLANG_ENABLE_MODULES = YES;
				CLANG_ENABLE_OBJC_ARC = YES;
				CLANG_WARN_BOOL_CONVERSION = YES;
				CLANG_WARN_CONSTANT_CONVERSION = YES;
				CLANG_WARN_DIRECT_OBJC_ISA_USAGE = YES_ERROR;
				CLANG_WARN_EMPTY_BODY = YES;
				CLANG_WARN_ENUM_CONVERSION = YES;
				CLANG_WARN_INT_CONVERSION = YES;
				CLANG_WARN_OBJC_ROOT_CLASS = YES_ERROR;
				CLANG_WARN_UNREACHABLE_CODE = YES;
				CLANG_WARN__DUPLICATE_METHOD_MATCH = YES;
				"CODE_SIGN_IDENTITY[sdk=iphoneos*]" = "iPhone Developer";
				COPY_PHASE_STRIP = NO;
				DEBUG_INFORMATION_FORMAT = "dwarf-with-dsym";
				ENABLE_NS_ASSERTIONS = NO;
				ENABLE_STRICT_OBJC_MSGSEND = YES;
				GCC_C_LANGUAGE_STANDARD = gnu99;
				GCC_NO_COMMON_BLOCKS = YES;
				GCC_WARN_64_TO_32_BIT_CONVERSION = YES;
				GCC_WARN_ABOUT_RETURN_TYPE = YES_ERROR;
				GCC_WARN_UNDECLARED_SELECTOR = YES;
				GCC_WARN_UNINITIALIZED_AUTOS = YES_AGGRESSIVE;
				GCC_WARN_UNUSED_FUNCTION = YES;
				GCC_WARN_UNUSED_VARIABLE = YES;
				IPHONEOS_DEPLOYMENT_TARGET = 9.2;
				MTL_ENABLE_DEBUG_INFO = NO;
				SDKROOT = iphoneos;
				VALIDATE_PRODUCT = YES;
			};
			name = Release;
		};
		A10AFFE51C65DD47003B55B0 /* Debug */ = {
			isa = XCBuildConfiguration;
			buildSettings = {
				ASSETCATALOG_COMPILER_APPICON_NAME = AppIcon;
				INFOPLIST_FILE = TechtaGram/Info.plist;
				LD_RUNPATH_SEARCH_PATHS = "$(inherited) @executable_path/Frameworks";
				PRODUCT_BUNDLE_IDENTIFIER = com.litech.TechtaGram;
				PRODUCT_NAME = "$(TARGET_NAME)";
			};
			name = Debug;
		};
		A10AFFE61C65DD47003B55B0 /* Release */ = {
			isa = XCBuildConfiguration;
			buildSettings = {
				ASSETCATALOG_COMPILER_APPICON_NAME = AppIcon;
				INFOPLIST_FILE = TechtaGram/Info.plist;
				LD_RUNPATH_SEARCH_PATHS = "$(inherited) @executable_path/Frameworks";
				PRODUCT_BUNDLE_IDENTIFIER = com.litech.TechtaGram;
				PRODUCT_NAME = "$(TARGET_NAME)";
			};
			name = Release;
		};
		A10AFFE81C65DD47003B55B0 /* Debug */ = {
			isa = XCBuildConfiguration;
			buildSettings = {
				BUNDLE_LOADER = "$(TEST_HOST)";
				INFOPLIST_FILE = TechtaGramTests/Info.plist;
				LD_RUNPATH_SEARCH_PATHS = "$(inherited) @executable_path/Frameworks @loader_path/Frameworks";
				PRODUCT_BUNDLE_IDENTIFIER = com.litech.TechtaGramTests;
				PRODUCT_NAME = "$(TARGET_NAME)";
				TEST_HOST = "$(BUILT_PRODUCTS_DIR)/TechtaGram.app/TechtaGram";
			};
			name = Debug;
		};
		A10AFFE91C65DD47003B55B0 /* Release */ = {
			isa = XCBuildConfiguration;
			buildSettings = {
				BUNDLE_LOADER = "$(TEST_HOST)";
				INFOPLIST_FILE = TechtaGramTests/Info.plist;
				LD_RUNPATH_SEARCH_PATHS = "$(inherited) @executable_path/Frameworks @loader_path/Frameworks";
				PRODUCT_BUNDLE_IDENTIFIER = com.litech.TechtaGramTests;
				PRODUCT_NAME = "$(TARGET_NAME)";
				TEST_HOST = "$(BUILT_PRODUCTS_DIR)/TechtaGram.app/TechtaGram";
			};
			name = Release;
		};
		A10AFFEB1C65DD47003B55B0 /* Debug */ = {
			isa = XCBuildConfiguration;
			buildSettings = {
				INFOPLIST_FILE = TechtaGramUITests/Info.plist;
				LD_RUNPATH_SEARCH_PATHS = "$(inherited) @executable_path/Frameworks @loader_path/Frameworks";
				PRODUCT_BUNDLE_IDENTIFIER = com.litech.TechtaGramUITests;
				PRODUCT_NAME = "$(TARGET_NAME)";
				TEST_TARGET_NAME = TechtaGram;
				USES_XCTRUNNER = YES;
			};
			name = Debug;
		};
		A10AFFEC1C65DD47003B55B0 /* Release */ = {
			isa = XCBuildConfiguration;
			buildSettings = {
				INFOPLIST_FILE = TechtaGramUITests/Info.plist;
				LD_RUNPATH_SEARCH_PATHS = "$(inherited) @executable_path/Frameworks @loader_path/Frameworks";
				PRODUCT_BUNDLE_IDENTIFIER = com.litech.TechtaGramUITests;
				PRODUCT_NAME = "$(TARGET_NAME)";
				TEST_TARGET_NAME = TechtaGram;
				USES_XCTRUNNER = YES;
			};
			name = Release;
		};
/* End XCBuildConfiguration section */

/* Begin XCConfigurationList section */
		A10AFFB71C65DD46003B55B0 /* Build configuration list for PBXProject "TechtaGram" */ = {
			isa = XCConfigurationList;
			buildConfigurations = (
				A10AFFE21C65DD47003B55B0 /* Debug */,
				A10AFFE31C65DD47003B55B0 /* Release */,
			);
			defaultConfigurationIsVisible = 0;
			defaultConfigurationName = Release;
		};
		A10AFFE41C65DD47003B55B0 /* Build configuration list for PBXNativeTarget "TechtaGram" */ = {
			isa = XCConfigurationList;
			buildConfigurations = (
				A10AFFE51C65DD47003B55B0 /* Debug */,
				A10AFFE61C65DD47003B55B0 /* Release */,
			);
			defaultConfigurationIsVisible = 0;
		};
		A10AFFE71C65DD47003B55B0 /* Build configuration list for PBXNativeTarget "TechtaGramTests" */ = {
			isa = XCConfigurationList;
			buildConfigurations = (
				A10AFFE81C65DD47003B55B0 /* Debug */,
				A10AFFE91C65DD47003B55B0 /* Release */,
			);
			defaultConfigurationIsVisible = 0;
		};
		A10AFFEA1C65DD47003B55B0 /* Build configuration list for PBXNativeTarget "TechtaGramUITests" */ = {
			isa = XCConfigurationList;
			buildConfigurations = (
				A10AFFEB1C65DD47003B55B0 /* Debug */,
				A10AFFEC1C65DD47003B55B0 /* Release */,
			);
			defaultConfigurationIsVisible = 0;
		};
/* End XCConfigurationList section */
	};
	rootObject = A10AFFB41C65DD46003B55B0 /* Project object */;
}
